
Microsoft Visual Studio Solution File, Format Version 12.00
# Visual Studio Version 17
VisualStudioVersion = 17.11.35222.181
MinimumVisualStudioVersion = 10.0.40219.1
Project("{8BC9CEB8-8B4A-11D0-8D11-00A0C91BC942}") = "PR-5.1", "PR-5.1\PR-5.1.vcxproj", "{9FA26D9E-8BA8-45B6-ADD6-F1A534E44F11}"
EndProject
Project("{8BC9CEB8-8B4A-11D0-8D11-00A0C91BC942}") = "UnitTest2", "UnitTest2\UnitTest2.vcxproj", "{C76A460C-E6BA-4F04-9C36-EBD59C8F9C29}"
EndProject
Global
	GlobalSection(SolutionConfigurationPlatforms) = preSolution
		Debug|x64 = Debug|x64
		Debug|x86 = Debug|x86
		Release|x64 = Release|x64
		Release|x86 = Release|x86
	EndGlobalSection
	GlobalSection(ProjectConfigurationPlatforms) = postSolution
		{9FA26D9E-8BA8-45B6-ADD6-F1A534E44F11}.Debug|x64.ActiveCfg = Debug|x64
		{9FA26D9E-8BA8-45B6-ADD6-F1A534E44F11}.Debug|x64.Build.0 = Debug|x64
		{9FA26D9E-8BA8-45B6-ADD6-F1A534E44F11}.Debug|x86.ActiveCfg = Debug|Win32
		{9FA26D9E-8BA8-45B6-ADD6-F1A534E44F11}.Debug|x86.Build.0 = Debug|Win32
		{9FA26D9E-8BA8-45B6-ADD6-F1A534E44F11}.Release|x64.ActiveCfg = Release|x64
		{9FA26D9E-8BA8-45B6-ADD6-F1A534E44F11}.Release|x64.Build.0 = Release|x64
		{9FA26D9E-8BA8-45B6-ADD6-F1A534E44F11}.Release|x86.ActiveCfg = Release|Win32
		{9FA26D9E-8BA8-45B6-ADD6-F1A534E44F11}.Release|x86.Build.0 = Release|Win32
		{C76A460C-E6BA-4F04-9C36-EBD59C8F9C29}.Debug|x64.ActiveCfg = Debug|x64
		{C76A460C-E6BA-4F04-9C36-EBD59C8F9C29}.Debug|x64.Build.0 = Debug|x64
		{C76A460C-E6BA-4F04-9C36-EBD59C8F9C29}.Debug|x86.ActiveCfg = Debug|Win32
		{C76A460C-E6BA-4F04-9C36-EBD59C8F9C29}.Debug|x86.Build.0 = Debug|Win32
		{C76A460C-E6BA-4F04-9C36-EBD59C8F9C29}.Release|x64.ActiveCfg = Release|x64
		{C76A460C-E6BA-4F04-9C36-EBD59C8F9C29}.Release|x64.Build.0 = Release|x64
		{C76A460C-E6BA-4F04-9C36-EBD59C8F9C29}.Release|x86.ActiveCfg = Release|Win32
		{C76A460C-E6BA-4F04-9C36-EBD59C8F9C29}.Release|x86.Build.0 = Release|Win32
	EndGlobalSection
	GlobalSection(SolutionProperties) = preSolution
		HideSolutionNode = FALSE
	EndGlobalSection
	GlobalSection(ExtensibilityGlobals) = postSolution
		SolutionGuid = {D0A39851-BD83-46BC-AECF-D4EAAD7FFA47}
	EndGlobalSection
EndGlobal
